
Microsoft Visual Studio Solution File, Format Version 11.00
# Visual Studio 2010
Project("{FAE04EC0-301F-11D3-BF4B-00C04F79EFBC}") = "Assembly-CSharp", "Assembly-CSharp.csproj", "{E3C47F15-6E00-307D-7225-59A89C6CBD7F}"
EndProject
Project("{FAE04EC0-301F-11D3-BF4B-00C04F79EFBC}") = "UnityGifDecoder", "UnityGifDecoder.csproj", "{A194594D-F444-F670-49BB-7121CFF2FCA4}"
EndProject
Project("{FAE04EC0-301F-11D3-BF4B-00C04F79EFBC}") = "Assembly-CSharp-Editor", "Assembly-CSharp-Editor.csproj", "{38C261CE-7021-1F64-B913-D2F9097C070D}"
EndProject
Global
	GlobalSection(SolutionConfigurationPlatforms) = preSolution
		Debug|Any CPU = Debug|Any CPU
		Release|Any CPU = Release|Any CPU
	EndGlobalSection
	GlobalSection(ProjectConfigurationPlatforms) = postSolution
		{E3C47F15-6E00-307D-7225-59A89C6CBD7F}.Debug|Any CPU.ActiveCfg = Debug|Any CPU
		{E3C47F15-6E00-307D-7225-59A89C6CBD7F}.Debug|Any CPU.Build.0 = Debug|Any CPU
		{E3C47F15-6E00-307D-7225-59A89C6CBD7F}.Release|Any CPU.ActiveCfg = Release|Any CPU
		{E3C47F15-6E00-307D-7225-59A89C6CBD7F}.Release|Any CPU.Build.0 = Release|Any CPU
		{A194594D-F444-F670-49BB-7121CFF2FCA4}.Debug|Any CPU.ActiveCfg = Debug|Any CPU
		{A194594D-F444-F670-49BB-7121CFF2FCA4}.Debug|Any CPU.Build.0 = Debug|Any CPU
		{A194594D-F444-F670-49BB-7121CFF2FCA4}.Release|Any CPU.ActiveCfg = Release|Any CPU
		{A194594D-F444-F670-49BB-7121CFF2FCA4}.Release|Any CPU.Build.0 = Release|Any CPU
		{38C261CE-7021-1F64-B913-D2F9097C070D}.Debug|Any CPU.ActiveCfg = Debug|Any CPU
		{38C261CE-7021-1F64-B913-D2F9097C070D}.Debug|Any CPU.Build.0 = Debug|Any CPU
		{38C261CE-7021-1F64-B913-D2F9097C070D}.Release|Any CPU.ActiveCfg = Release|Any CPU
		{38C261CE-7021-1F64-B913-D2F9097C070D}.Release|Any CPU.Build.0 = Release|Any CPU
	EndGlobalSection
	GlobalSection(SolutionProperties) = preSolution
		HideSolutionNode = FALSE
	EndGlobalSection
EndGlobal
